// !$*UTF8*$!
{
	archiveVersion = 1;
	classes = {
	};
	objectVersion = 46;
	objects = {

/* Begin PBXBuildFile section */
		1BE16EC414EB4BE600570A64 /* UIKit.framework in Frameworks */ = {isa = PBXBuildFile; fileRef = 1BE16EC314EB4BE600570A64 /* UIKit.framework */; };
		1BE16EC614EB4BE600570A64 /* Foundation.framework in Frameworks */ = {isa = PBXBuildFile; fileRef = 1BE16EC514EB4BE600570A64 /* Foundation.framework */; };
		1BE16EC814EB4BE600570A64 /* CoreGraphics.framework in Frameworks */ = {isa = PBXBuildFile; fileRef = 1BE16EC714EB4BE600570A64 /* CoreGraphics.framework */; };
		1BE16ECE14EB4BE600570A64 /* InfoPlist.strings in Resources */ = {isa = PBXBuildFile; fileRef = 1BE16ECC14EB4BE600570A64 /* InfoPlist.strings */; };
		1BE16ED014EB4BE600570A64 /* main.m in Sources */ = {isa = PBXBuildFile; fileRef = 1BE16ECF14EB4BE600570A64 /* main.m */; };
		1BE16ED414EB4BE600570A64 /* AppDelegate.m in Sources */ = {isa = PBXBuildFile; fileRef = 1BE16ED314EB4BE600570A64 /* AppDelegate.m */; };
		1BE16ED714EB4BE600570A64 /* MainStoryboard.storyboard in Resources */ = {isa = PBXBuildFile; fileRef = 1BE16ED514EB4BE600570A64 /* MainStoryboard.storyboard */; };
		1BE16EE814EB4D0900570A64 /* ViewController.m in Sources */ = {isa = PBXBuildFile; fileRef = 1BE16EE714EB4D0900570A64 /* ViewController.m */; };
		1BE16EEB14EB4DD000570A64 /* XBFilteredImageView.m in Sources */ = {isa = PBXBuildFile; fileRef = 1BE16EEA14EB4DD000570A64 /* XBFilteredImageView.m */; };
		1BE16EEE14EB4E5B00570A64 /* GLKit.framework in Frameworks */ = {isa = PBXBuildFile; fileRef = 1BE16EEC14EB4E5B00570A64 /* GLKit.framework */; };
		1BE16EEF14EB4E5B00570A64 /* OpenGLES.framework in Frameworks */ = {isa = PBXBuildFile; fileRef = 1BE16EED14EB4E5B00570A64 /* OpenGLES.framework */; };
		1BE16EF114EB50B100570A64 /* QuartzCore.framework in Frameworks */ = {isa = PBXBuildFile; fileRef = 1BE16EF014EB50B100570A64 /* QuartzCore.framework */; };
		1BE16EF614EB56EB00570A64 /* LucasCorrea.png in Resources */ = {isa = PBXBuildFile; fileRef = 1BE16EF414EB56EB00570A64 /* LucasCorrea.png */; };
		1BE16EF714EB56EB00570A64 /* LucasCorrea@2x.png in Resources */ = {isa = PBXBuildFile; fileRef = 1BE16EF514EB56EB00570A64 /* LucasCorrea@2x.png */; };
/* End PBXBuildFile section */

/* Begin PBXFileReference section */
		1BE16EBF14EB4BE600570A64 /* XBImageFilters.app */ = {isa = PBXFileReference; explicitFileType = wrapper.application; includeInIndex = 0; path = XBImageFilters.app; sourceTree = BUILT_PRODUCTS_DIR; };
		1BE16EC314EB4BE600570A64 /* UIKit.framework */ = {isa = PBXFileReference; lastKnownFileType = wrapper.framework; name = UIKit.framework; path = System/Library/Frameworks/UIKit.framework; sourceTree = SDKROOT; };
		1BE16EC514EB4BE600570A64 /* Foundation.framework */ = {isa = PBXFileReference; lastKnownFileType = wrapper.framework; name = Foundation.framework; path = System/Library/Frameworks/Foundation.framework; sourceTree = SDKROOT; };
		1BE16EC714EB4BE600570A64 /* CoreGraphics.framework */ = {isa = PBXFileReference; lastKnownFileType = wrapper.framework; name = CoreGraphics.framework; path = System/Library/Frameworks/CoreGraphics.framework; sourceTree = SDKROOT; };
		1BE16ECB14EB4BE600570A64 /* XBImageFilters-Info.plist */ = {isa = PBXFileReference; lastKnownFileType = text.plist.xml; path = "XBImageFilters-Info.plist"; sourceTree = "<group>"; };
		1BE16ECD14EB4BE600570A64 /* en */ = {isa = PBXFileReference; lastKnownFileType = text.plist.strings; name = en; path = en.lproj/InfoPlist.strings; sourceTree = "<group>"; };
		1BE16ECF14EB4BE600570A64 /* main.m */ = {isa = PBXFileReference; lastKnownFileType = sourcecode.c.objc; path = main.m; sourceTree = "<group>"; };
		1BE16ED114EB4BE600570A64 /* XBImageFilters-Prefix.pch */ = {isa = PBXFileReference; lastKnownFileType = sourcecode.c.h; path = "XBImageFilters-Prefix.pch"; sourceTree = "<group>"; };
		1BE16ED214EB4BE600570A64 /* AppDelegate.h */ = {isa = PBXFileReference; lastKnownFileType = sourcecode.c.h; path = AppDelegate.h; sourceTree = "<group>"; };
		1BE16ED314EB4BE600570A64 /* AppDelegate.m */ = {isa = PBXFileReference; lastKnownFileType = sourcecode.c.objc; path = AppDelegate.m; sourceTree = "<group>"; };
		1BE16ED614EB4BE600570A64 /* en */ = {isa = PBXFileReference; lastKnownFileType = file.storyboard; name = en; path = en.lproj/MainStoryboard.storyboard; sourceTree = "<group>"; };
		1BE16EE614EB4D0900570A64 /* ViewController.h */ = {isa = PBXFileReference; fileEncoding = 4; lastKnownFileType = sourcecode.c.h; name = ViewController.h; path = Classes/Sample/ViewController.h; sourceTree = "<group>"; };
		1BE16EE714EB4D0900570A64 /* ViewController.m */ = {isa = PBXFileReference; fileEncoding = 4; lastKnownFileType = sourcecode.c.objc; name = ViewController.m; path = Classes/Sample/ViewController.m; sourceTree = "<group>"; };
		1BE16EE914EB4DD000570A64 /* XBFilteredImageView.h */ = {isa = PBXFileReference; fileEncoding = 4; lastKnownFileType = sourcecode.c.h; name = XBFilteredImageView.h; path = Classes/XBImageFilters/XBFilteredImageView.h; sourceTree = "<group>"; };
		1BE16EEA14EB4DD000570A64 /* XBFilteredImageView.m */ = {isa = PBXFileReference; fileEncoding = 4; lastKnownFileType = sourcecode.c.objc; name = XBFilteredImageView.m; path = Classes/XBImageFilters/XBFilteredImageView.m; sourceTree = "<group>"; };
		1BE16EEC14EB4E5B00570A64 /* GLKit.framework */ = {isa = PBXFileReference; lastKnownFileType = wrapper.framework; name = GLKit.framework; path = System/Library/Frameworks/GLKit.framework; sourceTree = SDKROOT; };
		1BE16EED14EB4E5B00570A64 /* OpenGLES.framework */ = {isa = PBXFileReference; lastKnownFileType = wrapper.framework; name = OpenGLES.framework; path = System/Library/Frameworks/OpenGLES.framework; sourceTree = SDKROOT; };
		1BE16EF014EB50B100570A64 /* QuartzCore.framework */ = {isa = PBXFileReference; lastKnownFileType = wrapper.framework; name = QuartzCore.framework; path = System/Library/Frameworks/QuartzCore.framework; sourceTree = SDKROOT; };
		1BE16EF414EB56EB00570A64 /* LucasCorrea.png */ = {isa = PBXFileReference; lastKnownFileType = image.png; path = LucasCorrea.png; sourceTree = "<group>"; };
		1BE16EF514EB56EB00570A64 /* LucasCorrea@2x.png */ = {isa = PBXFileReference; lastKnownFileType = image.png; path = "LucasCorrea@2x.png"; sourceTree = "<group>"; };
/* End PBXFileReference section */

/* Begin PBXFrameworksBuildPhase section */
		1BE16EBC14EB4BE600570A64 /* Frameworks */ = {
			isa = PBXFrameworksBuildPhase;
			buildActionMask = 2147483647;
			files = (
				1BE16EF114EB50B100570A64 /* QuartzCore.framework in Frameworks */,
				1BE16EEE14EB4E5B00570A64 /* GLKit.framework in Frameworks */,
				1BE16EEF14EB4E5B00570A64 /* OpenGLES.framework in Frameworks */,
				1BE16EC414EB4BE600570A64 /* UIKit.framework in Frameworks */,
				1BE16EC614EB4BE600570A64 /* Foundation.framework in Frameworks */,
				1BE16EC814EB4BE600570A64 /* CoreGraphics.framework in Frameworks */,
			);
			runOnlyForDeploymentPostprocessing = 0;
		};
/* End PBXFrameworksBuildPhase section */

/* Begin PBXGroup section */
		1BE16EB414EB4BE500570A64 = {
			isa = PBXGroup;
			children = (
				1BE16EC914EB4BE600570A64 /* Classes */,
				1BE16EF214EB56EB00570A64 /* Resources */,
				1BE16EC214EB4BE600570A64 /* Frameworks */,
				1BE16EC014EB4BE600570A64 /* Products */,
			);
			sourceTree = "<group>";
		};
		1BE16EC014EB4BE600570A64 /* Products */ = {
			isa = PBXGroup;
			children = (
				1BE16EBF14EB4BE600570A64 /* XBImageFilters.app */,
			);
			name = Products;
			sourceTree = "<group>";
		};
		1BE16EC214EB4BE600570A64 /* Frameworks */ = {
			isa = PBXGroup;
			children = (
				1BE16EF014EB50B100570A64 /* QuartzCore.framework */,
				1BE16EEC14EB4E5B00570A64 /* GLKit.framework */,
				1BE16EED14EB4E5B00570A64 /* OpenGLES.framework */,
				1BE16EC314EB4BE600570A64 /* UIKit.framework */,
				1BE16EC514EB4BE600570A64 /* Foundation.framework */,
				1BE16EC714EB4BE600570A64 /* CoreGraphics.framework */,
			);
			name = Frameworks;
			sourceTree = "<group>";
		};
		1BE16EC914EB4BE600570A64 /* Classes */ = {
			isa = PBXGroup;
			children = (
				1BE16EE414EB4CDB00570A64 /* Sample */,
				1BE16EE514EB4CE400570A64 /* XBImageFilters */,
				1BE16ED214EB4BE600570A64 /* AppDelegate.h */,
				1BE16ED314EB4BE600570A64 /* AppDelegate.m */,
				1BE16ED514EB4BE600570A64 /* MainStoryboard.storyboard */,
				1BE16ECA14EB4BE600570A64 /* Supporting Files */,
			);
			name = Classes;
			path = XBImageFilters;
			sourceTree = "<group>";
		};
		1BE16ECA14EB4BE600570A64 /* Supporting Files */ = {
			isa = PBXGroup;
			children = (
				1BE16ECB14EB4BE600570A64 /* XBImageFilters-Info.plist */,
				1BE16ECC14EB4BE600570A64 /* InfoPlist.strings */,
				1BE16ECF14EB4BE600570A64 /* main.m */,
				1BE16ED114EB4BE600570A64 /* XBImageFilters-Prefix.pch */,
			);
			name = "Supporting Files";
			sourceTree = "<group>";
		};
		1BE16EE414EB4CDB00570A64 /* Sample */ = {
			isa = PBXGroup;
			children = (
				1BE16EE614EB4D0900570A64 /* ViewController.h */,
				1BE16EE714EB4D0900570A64 /* ViewController.m */,
			);
			name = Sample;
			sourceTree = "<group>";
		};
		1BE16EE514EB4CE400570A64 /* XBImageFilters */ = {
			isa = PBXGroup;
			children = (
				1BE16EE914EB4DD000570A64 /* XBFilteredImageView.h */,
				1BE16EEA14EB4DD000570A64 /* XBFilteredImageView.m */,
			);
			name = XBImageFilters;
			sourceTree = "<group>";
		};
		1BE16EF214EB56EB00570A64 /* Resources */ = {
			isa = PBXGroup;
			children = (
				1BE16EF314EB56EB00570A64 /* Images */,
			);
			name = Resources;
			path = XBImageFilters/Resources;
			sourceTree = "<group>";
		};
		1BE16EF314EB56EB00570A64 /* Images */ = {
			isa = PBXGroup;
			children = (
				1BE16EF414EB56EB00570A64 /* LucasCorrea.png */,
				1BE16EF514EB56EB00570A64 /* LucasCorrea@2x.png */,
			);
			path = Images;
			sourceTree = "<group>";
		};
/* End PBXGroup section */

/* Begin PBXNativeTarget section */
		1BE16EBE14EB4BE600570A64 /* XBImageFilters */ = {
			isa = PBXNativeTarget;
			buildConfigurationList = 1BE16EDD14EB4BE600570A64 /* Build configuration list for PBXNativeTarget "XBImageFilters" */;
			buildPhases = (
				1BE16EBB14EB4BE600570A64 /* Sources */,
				1BE16EBC14EB4BE600570A64 /* Frameworks */,
				1BE16EBD14EB4BE600570A64 /* Resources */,
			);
			buildRules = (
			);
			dependencies = (
			);
			name = XBImageFilters;
			productName = XBImageFilters;
			productReference = 1BE16EBF14EB4BE600570A64 /* XBImageFilters.app */;
			productType = "com.apple.product-type.application";
		};
/* End PBXNativeTarget section */

/* Begin PBXProject section */
		1BE16EB614EB4BE500570A64 /* Project object */ = {
			isa = PBXProject;
			attributes = {
				LastUpgradeCheck = 0420;
			};
			buildConfigurationList = 1BE16EB914EB4BE500570A64 /* Build configuration list for PBXProject "XBImageFilters" */;
			compatibilityVersion = "Xcode 3.2";
			developmentRegion = English;
			hasScannedForEncodings = 0;
			knownRegions = (
				en,
			);
			mainGroup = 1BE16EB414EB4BE500570A64;
			productRefGroup = 1BE16EC014EB4BE600570A64 /* Products */;
			projectDirPath = "";
			projectRoot = "";
			targets = (
				1BE16EBE14EB4BE600570A64 /* XBImageFilters */,
			);
		};
/* End PBXProject section */

/* Begin PBXResourcesBuildPhase section */
		1BE16EBD14EB4BE600570A64 /* Resources */ = {
			isa = PBXResourcesBuildPhase;
			buildActionMask = 2147483647;
			files = (
				1BE16ECE14EB4BE600570A64 /* InfoPlist.strings in Resources */,
				1BE16ED714EB4BE600570A64 /* MainStoryboard.storyboard in Resources */,
				1BE16EF614EB56EB00570A64 /* LucasCorrea.png in Resources */,
				1BE16EF714EB56EB00570A64 /* LucasCorrea@2x.png in Resources */,
			);
			runOnlyForDeploymentPostprocessing = 0;
		};
/* End PBXResourcesBuildPhase section */

/* Begin PBXSourcesBuildPhase section */
		1BE16EBB14EB4BE600570A64 /* Sources */ = {
			isa = PBXSourcesBuildPhase;
			buildActionMask = 2147483647;
			files = (
				1BE16ED014EB4BE600570A64 /* main.m in Sources */,
				1BE16ED414EB4BE600570A64 /* AppDelegate.m in Sources */,
				1BE16EE814EB4D0900570A64 /* ViewController.m in Sources */,
				1BE16EEB14EB4DD000570A64 /* XBFilteredImageView.m in Sources */,
			);
			runOnlyForDeploymentPostprocessing = 0;
		};
/* End PBXSourcesBuildPhase section */

/* Begin PBXVariantGroup section */
		1BE16ECC14EB4BE600570A64 /* InfoPlist.strings */ = {
			isa = PBXVariantGroup;
			children = (
				1BE16ECD14EB4BE600570A64 /* en */,
			);
			name = InfoPlist.strings;
			sourceTree = "<group>";
		};
		1BE16ED514EB4BE600570A64 /* MainStoryboard.storyboard */ = {
			isa = PBXVariantGroup;
			children = (
				1BE16ED614EB4BE600570A64 /* en */,
			);
			name = MainStoryboard.storyboard;
			sourceTree = "<group>";
		};
/* End PBXVariantGroup section */

/* Begin XCBuildConfiguration section */
		1BE16EDB14EB4BE600570A64 /* Debug */ = {
			isa = XCBuildConfiguration;
			buildSettings = {
				ALWAYS_SEARCH_USER_PATHS = NO;
				ARCHS = "$(ARCHS_STANDARD_32_BIT)";
				CLANG_ENABLE_OBJC_ARC = YES;
				"CODE_SIGN_IDENTITY[sdk=iphoneos*]" = "iPhone Developer";
				COPY_PHASE_STRIP = NO;
				GCC_C_LANGUAGE_STANDARD = gnu99;
				GCC_DYNAMIC_NO_PIC = NO;
				GCC_OPTIMIZATION_LEVEL = 0;
				GCC_PREPROCESSOR_DEFINITIONS = (
					"DEBUG=1",
					"$(inherited)",
				);
				GCC_SYMBOLS_PRIVATE_EXTERN = NO;
				GCC_VERSION = com.apple.compilers.llvm.clang.1_0;
				GCC_WARN_ABOUT_MISSING_PROTOTYPES = YES;
				GCC_WARN_ABOUT_RETURN_TYPE = YES;
				GCC_WARN_UNUSED_VARIABLE = YES;
				IPHONEOS_DEPLOYMENT_TARGET = 5.0;
				SDKROOT = iphoneos;
			};
			name = Debug;
		};
		1BE16EDC14EB4BE600570A64 /* Release */ = {
			isa = XCBuildConfiguration;
			buildSettings = {
				ALWAYS_SEARCH_USER_PATHS = NO;
				ARCHS = "$(ARCHS_STANDARD_32_BIT)";
				CLANG_ENABLE_OBJC_ARC = YES;
				"CODE_SIGN_IDENTITY[sdk=iphoneos*]" = "iPhone Developer";
				COPY_PHASE_STRIP = YES;
				GCC_C_LANGUAGE_STANDARD = gnu99;
				GCC_VERSION = com.apple.compilers.llvm.clang.1_0;
				GCC_WARN_ABOUT_MISSING_PROTOTYPES = YES;
				GCC_WARN_ABOUT_RETURN_TYPE = YES;
				GCC_WARN_UNUSED_VARIABLE = YES;
				IPHONEOS_DEPLOYMENT_TARGET = 5.0;
				OTHER_CFLAGS = "-DNS_BLOCK_ASSERTIONS=1";
				SDKROOT = iphoneos;
				VALIDATE_PRODUCT = YES;
			};
			name = Release;
		};
		1BE16EDE14EB4BE600570A64 /* Debug */ = {
			isa = XCBuildConfiguration;
			buildSettings = {
				CODE_SIGN_IDENTITY = "iPhone Developer";
				GCC_PRECOMPILE_PREFIX_HEADER = YES;
				GCC_PREFIX_HEADER = "XBImageFilters/XBImageFilters-Prefix.pch";
				INFOPLIST_FILE = "XBImageFilters/XBImageFilters-Info.plist";
				PRODUCT_NAME = "$(TARGET_NAME)";
				PROVISIONING_PROFILE = "";
				WRAPPER_EXTENSION = app;
			};
			name = Debug;
		};
		1BE16EDF14EB4BE600570A64 /* Release */ = {
			isa = XCBuildConfiguration;
			buildSettings = {
				CODE_SIGN_IDENTITY = "iPhone Developer";
				GCC_PRECOMPILE_PREFIX_HEADER = YES;
				GCC_PREFIX_HEADER = "XBImageFilters/XBImageFilters-Prefix.pch";
				INFOPLIST_FILE = "XBImageFilters/XBImageFilters-Info.plist";
				PRODUCT_NAME = "$(TARGET_NAME)";
				PROVISIONING_PROFILE = "";
				WRAPPER_EXTENSION = app;
			};
			name = Release;
		};
/* End XCBuildConfiguration section */

/* Begin XCConfigurationList section */
		1BE16EB914EB4BE500570A64 /* Build configuration list for PBXProject "XBImageFilters" */ = {
			isa = XCConfigurationList;
			buildConfigurations = (
				1BE16EDB14EB4BE600570A64 /* Debug */,
				1BE16EDC14EB4BE600570A64 /* Release */,
			);
			defaultConfigurationIsVisible = 0;
			defaultConfigurationName = Release;
		};
		1BE16EDD14EB4BE600570A64 /* Build configuration list for PBXNativeTarget "XBImageFilters" */ = {
			isa = XCConfigurationList;
			buildConfigurations = (
				1BE16EDE14EB4BE600570A64 /* Debug */,
				1BE16EDF14EB4BE600570A64 /* Release */,
			);
			defaultConfigurationIsVisible = 0;
		};
/* End XCConfigurationList section */
	};
	rootObject = 1BE16EB614EB4BE500570A64 /* Project object */;
}
